{
  "name": "nmp-player",
  "version": "1.0.0",
  "lockfileVersion": 1,
  "requires": true,
  "dependencies": {
    "prismarine-item": {
      "version": "1.5.0",
      "resolved": "https://registry.npmjs.org/prismarine-item/-/prismarine-item-1.5.0.tgz",
      "integrity": "sha512-O0Rpxn0kqHhkJAVJJK7SvkVyoNkBU7tRh7FrGJipg23B6j1cw8GtkSY10keupI2p0AcygA9TrlHBwomVLl7uYw=="
    }
  }
}
